
Microsoft Visual Studio Solution File, Format Version 12.00
# Visual Studio Version 17
VisualStudioVersion = 17.14.36310.24
MinimumVisualStudioVersion = 10.0.40219.1
Project("{FAE04EC0-301F-11D3-BF4B-00C04F79EFBC}") = "e-commerce", "e-commerce.csproj", "{1E16D619-A252-4225-9B37-968374B6AFD8}"
EndProject
Project("{FAE04EC0-301F-11D3-BF4B-00C04F79EFBC}") = "asp.net_core_using(razor_ page)", "..\asp.net_core_using(razor_ page)\asp.net_core_using(razor_ page).csproj", "{001240F6-6D27-423A-B1E6-3B68912B8862}"
EndProject
Global
	GlobalSection(SolutionConfigurationPlatforms) = preSolution
		Debug|Any CPU = Debug|Any CPU
		Release|Any CPU = Release|Any CPU
	EndGlobalSection
	GlobalSection(ProjectConfigurationPlatforms) = postSolution
		{1E16D619-A252-4225-9B37-968374B6AFD8}.Debug|Any CPU.ActiveCfg = Debug|Any CPU
		{1E16D619-A252-4225-9B37-968374B6AFD8}.Debug|Any CPU.Build.0 = Debug|Any CPU
		{1E16D619-A252-4225-9B37-968374B6AFD8}.Release|Any CPU.ActiveCfg = Release|Any CPU
		{1E16D619-A252-4225-9B37-968374B6AFD8}.Release|Any CPU.Build.0 = Release|Any CPU
		{001240F6-6D27-423A-B1E6-3B68912B8862}.Debug|Any CPU.ActiveCfg = Debug|Any CPU
		{001240F6-6D27-423A-B1E6-3B68912B8862}.Debug|Any CPU.Build.0 = Debug|Any CPU
		{001240F6-6D27-423A-B1E6-3B68912B8862}.Release|Any CPU.ActiveCfg = Release|Any CPU
		{001240F6-6D27-423A-B1E6-3B68912B8862}.Release|Any CPU.Build.0 = Release|Any CPU
	EndGlobalSection
	GlobalSection(SolutionProperties) = preSolution
		HideSolutionNode = FALSE
	EndGlobalSection
	GlobalSection(ExtensibilityGlobals) = postSolution
		SolutionGuid = {95169806-735F-4A6C-9DE0-56AD63B6A225}
	EndGlobalSection
EndGlobal
